
Microsoft Visual Studio Solution File, Format Version 12.00
# Visual Studio Version 17
VisualStudioVersion = 17.4.33122.133
MinimumVisualStudioVersion = 10.0.40219.1
Project("{FAE04EC0-301F-11D3-BF4B-00C04F79EFBC}") = "JakCrypto", "JakCrypto\JakCrypto.csproj", "{9C707466-C4D2-4EEE-BDF7-065FE29A47FF}"
EndProject
Global
	GlobalSection(SolutionConfigurationPlatforms) = preSolution
		Debug|Any CPU = Debug|Any CPU
		Release|Any CPU = Release|Any CPU
	EndGlobalSection
	GlobalSection(ProjectConfigurationPlatforms) = postSolution
		{9C707466-C4D2-4EEE-BDF7-065FE29A47FF}.Debug|Any CPU.ActiveCfg = Debug|Any CPU
		{9C707466-C4D2-4EEE-BDF7-065FE29A47FF}.Debug|Any CPU.Build.0 = Debug|Any CPU
		{9C707466-C4D2-4EEE-BDF7-065FE29A47FF}.Release|Any CPU.ActiveCfg = Release|Any CPU
		{9C707466-C4D2-4EEE-BDF7-065FE29A47FF}.Release|Any CPU.Build.0 = Release|Any CPU
	EndGlobalSection
	GlobalSection(SolutionProperties) = preSolution
		HideSolutionNode = FALSE
	EndGlobalSection
	GlobalSection(ExtensibilityGlobals) = postSolution
		SolutionGuid = {5D60D7A7-84FF-47F4-8E87-45AA83883511}
	EndGlobalSection
EndGlobal
